// !$*UTF8*$!
{
	archiveVersion = 1;
	classes = {
	};
	objectVersion = 46;
	objects = {

/* Begin PBXBuildFile section */
		CAB185281EE1998600ADC1E6 /* AppDelegate.swift in Sources */ = {isa = PBXBuildFile; fileRef = CAB185271EE1998600ADC1E6 /* AppDelegate.swift */; };
		CAB1852A1EE1998600ADC1E6 /* ViewController.swift in Sources */ = {isa = PBXBuildFile; fileRef = CAB185291EE1998600ADC1E6 /* ViewController.swift */; };
		CAB1852D1EE1998600ADC1E6 /* Main.storyboard in Resources */ = {isa = PBXBuildFile; fileRef = CAB1852B1EE1998600ADC1E6 /* Main.storyboard */; };
		CAB1852F1EE1998600ADC1E6 /* Assets.xcassets in Resources */ = {isa = PBXBuildFile; fileRef = CAB1852E1EE1998600ADC1E6 /* Assets.xcassets */; };
		CAB185321EE1998600ADC1E6 /* LaunchScreen.storyboard in Resources */ = {isa = PBXBuildFile; fileRef = CAB185301EE1998600ADC1E6 /* LaunchScreen.storyboard */; };
		CAB1853A1EE19C4A00ADC1E6 /* pokemon.csv in Resources */ = {isa = PBXBuildFile; fileRef = CAB185391EE19C4A00ADC1E6 /* pokemon.csv */; };
		CAB1853D1EE19E3400ADC1E6 /* Pokemon.swift in Sources */ = {isa = PBXBuildFile; fileRef = CAB1853C1EE19E3400ADC1E6 /* Pokemon.swift */; };
		CAB185401EE2AAA500ADC1E6 /* PokeCell.swift in Sources */ = {isa = PBXBuildFile; fileRef = CAB1853F1EE2AAA500ADC1E6 /* PokeCell.swift */; };
/* End PBXBuildFile section */

/* Begin PBXFileReference section */
		CAB185241EE1998600ADC1E6 /* Pokedex3.app */ = {isa = PBXFileReference; explicitFileType = wrapper.application; includeInIndex = 0; path = Pokedex3.app; sourceTree = BUILT_PRODUCTS_DIR; };
		CAB185271EE1998600ADC1E6 /* AppDelegate.swift */ = {isa = PBXFileReference; lastKnownFileType = sourcecode.swift; path = AppDelegate.swift; sourceTree = "<group>"; };
		CAB185291EE1998600ADC1E6 /* ViewController.swift */ = {isa = PBXFileReference; lastKnownFileType = sourcecode.swift; path = ViewController.swift; sourceTree = "<group>"; };
		CAB1852C1EE1998600ADC1E6 /* Base */ = {isa = PBXFileReference; lastKnownFileType = file.storyboard; name = Base; path = Base.lproj/Main.storyboard; sourceTree = "<group>"; };
		CAB1852E1EE1998600ADC1E6 /* Assets.xcassets */ = {isa = PBXFileReference; lastKnownFileType = folder.assetcatalog; path = Assets.xcassets; sourceTree = "<group>"; };
		CAB185311EE1998600ADC1E6 /* Base */ = {isa = PBXFileReference; lastKnownFileType = file.storyboard; name = Base; path = Base.lproj/LaunchScreen.storyboard; sourceTree = "<group>"; };
		CAB185331EE1998600ADC1E6 /* Info.plist */ = {isa = PBXFileReference; lastKnownFileType = text.plist.xml; path = Info.plist; sourceTree = "<group>"; };
		CAB185391EE19C4A00ADC1E6 /* pokemon.csv */ = {isa = PBXFileReference; fileEncoding = 4; lastKnownFileType = text; path = pokemon.csv; sourceTree = "<group>"; };
		CAB1853C1EE19E3400ADC1E6 /* Pokemon.swift */ = {isa = PBXFileReference; fileEncoding = 4; lastKnownFileType = sourcecode.swift; path = Pokemon.swift; sourceTree = "<group>"; };
		CAB1853F1EE2AAA500ADC1E6 /* PokeCell.swift */ = {isa = PBXFileReference; fileEncoding = 4; lastKnownFileType = sourcecode.swift; path = PokeCell.swift; sourceTree = "<group>"; };
/* End PBXFileReference section */

/* Begin PBXFrameworksBuildPhase section */
		CAB185211EE1998600ADC1E6 /* Frameworks */ = {
			isa = PBXFrameworksBuildPhase;
			buildActionMask = 2147483647;
			files = (
			);
			runOnlyForDeploymentPostprocessing = 0;
		};
/* End PBXFrameworksBuildPhase section */

/* Begin PBXGroup section */
		CAB1851B1EE1998600ADC1E6 = {
			isa = PBXGroup;
			children = (
				CAB185261EE1998600ADC1E6 /* Pokedex3 */,
				CAB185251EE1998600ADC1E6 /* Products */,
			);
			sourceTree = "<group>";
		};
		CAB185251EE1998600ADC1E6 /* Products */ = {
			isa = PBXGroup;
			children = (
				CAB185241EE1998600ADC1E6 /* Pokedex3.app */,
			);
			name = Products;
			sourceTree = "<group>";
		};
		CAB185261EE1998600ADC1E6 /* Pokedex3 */ = {
			isa = PBXGroup;
			children = (
				CAB1853E1EE2AA8500ADC1E6 /* View */,
				CAB1853B1EE19E2300ADC1E6 /* Model */,
				CAB185271EE1998600ADC1E6 /* AppDelegate.swift */,
				CAB185291EE1998600ADC1E6 /* ViewController.swift */,
				CAB1852B1EE1998600ADC1E6 /* Main.storyboard */,
				CAB1852E1EE1998600ADC1E6 /* Assets.xcassets */,
				CAB185391EE19C4A00ADC1E6 /* pokemon.csv */,
				CAB185301EE1998600ADC1E6 /* LaunchScreen.storyboard */,
				CAB185331EE1998600ADC1E6 /* Info.plist */,
			);
			path = Pokedex3;
			sourceTree = "<group>";
		};
		CAB1853B1EE19E2300ADC1E6 /* Model */ = {
			isa = PBXGroup;
			children = (
				CAB1853C1EE19E3400ADC1E6 /* Pokemon.swift */,
			);
			name = Model;
			sourceTree = "<group>";
		};
		CAB1853E1EE2AA8500ADC1E6 /* View */ = {
			isa = PBXGroup;
			children = (
				CAB1853F1EE2AAA500ADC1E6 /* PokeCell.swift */,
			);
			name = View;
			sourceTree = "<group>";
		};
/* End PBXGroup section */

/* Begin PBXNativeTarget section */
		CAB185231EE1998600ADC1E6 /* Pokedex3 */ = {
			isa = PBXNativeTarget;
			buildConfigurationList = CAB185361EE1998600ADC1E6 /* Build configuration list for PBXNativeTarget "Pokedex3" */;
			buildPhases = (
				CAB185201EE1998600ADC1E6 /* Sources */,
				CAB185211EE1998600ADC1E6 /* Frameworks */,
				CAB185221EE1998600ADC1E6 /* Resources */,
			);
			buildRules = (
			);
			dependencies = (
			);
			name = Pokedex3;
			productName = Pokedex3;
			productReference = CAB185241EE1998600ADC1E6 /* Pokedex3.app */;
			productType = "com.apple.product-type.application";
		};
/* End PBXNativeTarget section */

/* Begin PBXProject section */
		CAB1851C1EE1998600ADC1E6 /* Project object */ = {
			isa = PBXProject;
			attributes = {
				LastSwiftUpdateCheck = 0830;
				LastUpgradeCheck = 0830;
				ORGANIZATIONNAME = "JMLeaux LLC";
				TargetAttributes = {
					CAB185231EE1998600ADC1E6 = {
						CreatedOnToolsVersion = 8.3.2;
						DevelopmentTeam = 2P82N6PF63;
						ProvisioningStyle = Automatic;
					};
				};
			};
			buildConfigurationList = CAB1851F1EE1998600ADC1E6 /* Build configuration list for PBXProject "Pokedex3" */;
			compatibilityVersion = "Xcode 3.2";
			developmentRegion = English;
			hasScannedForEncodings = 0;
			knownRegions = (
				en,
				Base,
			);
			mainGroup = CAB1851B1EE1998600ADC1E6;
			productRefGroup = CAB185251EE1998600ADC1E6 /* Products */;
			projectDirPath = "";
			projectRoot = "";
			targets = (
				CAB185231EE1998600ADC1E6 /* Pokedex3 */,
			);
		};
/* End PBXProject section */

/* Begin PBXResourcesBuildPhase section */
		CAB185221EE1998600ADC1E6 /* Resources */ = {
			isa = PBXResourcesBuildPhase;
			buildActionMask = 2147483647;
			files = (
				CAB185321EE1998600ADC1E6 /* LaunchScreen.storyboard in Resources */,
				CAB1852F1EE1998600ADC1E6 /* Assets.xcassets in Resources */,
				CAB1853A1EE19C4A00ADC1E6 /* pokemon.csv in Resources */,
				CAB1852D1EE1998600ADC1E6 /* Main.storyboard in Resources */,
			);
			runOnlyForDeploymentPostprocessing = 0;
		};
/* End PBXResourcesBuildPhase section */

/* Begin PBXSourcesBuildPhase section */
		CAB185201EE1998600ADC1E6 /* Sources */ = {
			isa = PBXSourcesBuildPhase;
			buildActionMask = 2147483647;
			files = (
				CAB185401EE2AAA500ADC1E6 /* PokeCell.swift in Sources */,
				CAB1852A1EE1998600ADC1E6 /* ViewController.swift in Sources */,
				CAB185281EE1998600ADC1E6 /* AppDelegate.swift in Sources */,
				CAB1853D1EE19E3400ADC1E6 /* Pokemon.swift in Sources */,
			);
			runOnlyForDeploymentPostprocessing = 0;
		};
/* End PBXSourcesBuildPhase section */

/* Begin PBXVariantGroup section */
		CAB1852B1EE1998600ADC1E6 /* Main.storyboard */ = {
			isa = PBXVariantGroup;
			children = (
				CAB1852C1EE1998600ADC1E6 /* Base */,
			);
			name = Main.storyboard;
			sourceTree = "<group>";
		};
		CAB185301EE1998600ADC1E6 /* LaunchScreen.storyboard */ = {
			isa = PBXVariantGroup;
			children = (
				CAB185311EE1998600ADC1E6 /* Base */,
			);
			name = LaunchScreen.storyboard;
			sourceTree = "<group>";
		};
/* End PBXVariantGroup section */

/* Begin XCBuildConfiguration section */
		CAB185341EE1998600ADC1E6 /* Debug */ = {
			isa = XCBuildConfiguration;
			buildSettings = {
				ALWAYS_SEARCH_USER_PATHS = NO;
				CLANG_ANALYZER_NONNULL = YES;
				CLANG_ANALYZER_NUMBER_OBJECT_CONVERSION = YES_AGGRESSIVE;
				CLANG_CXX_LANGUAGE_STANDARD = "gnu++0x";
				CLANG_CXX_LIBRARY = "libc++";
				CLANG_ENABLE_MODULES = YES;
				CLANG_ENABLE_OBJC_ARC = YES;
				CLANG_WARN_BOOL_CONVERSION = YES;
				CLANG_WARN_CONSTANT_CONVERSION = YES;
				CLANG_WARN_DIRECT_OBJC_ISA_USAGE = YES_ERROR;
				CLANG_WARN_DOCUMENTATION_COMMENTS = YES;
				CLANG_WARN_EMPTY_BODY = YES;
				CLANG_WARN_ENUM_CONVERSION = YES;
				CLANG_WARN_INFINITE_RECURSION = YES;
				CLANG_WARN_INT_CONVERSION = YES;
				CLANG_WARN_OBJC_ROOT_CLASS = YES_ERROR;
				CLANG_WARN_SUSPICIOUS_MOVE = YES;
				CLANG_WARN_UNREACHABLE_CODE = YES;
				CLANG_WARN__DUPLICATE_METHOD_MATCH = YES;
				"CODE_SIGN_IDENTITY[sdk=iphoneos*]" = "iPhone Developer";
				COPY_PHASE_STRIP = NO;
				DEBUG_INFORMATION_FORMAT = dwarf;
				ENABLE_STRICT_OBJC_MSGSEND = YES;
				ENABLE_TESTABILITY = YES;
				GCC_C_LANGUAGE_STANDARD = gnu99;
				GCC_DYNAMIC_NO_PIC = NO;
				GCC_NO_COMMON_BLOCKS = YES;
				GCC_OPTIMIZATION_LEVEL = 0;
				GCC_PREPROCESSOR_DEFINITIONS = (
					"DEBUG=1",
					"$(inherited)",
				);
				GCC_WARN_64_TO_32_BIT_CONVERSION = YES;
				GCC_WARN_ABOUT_RETURN_TYPE = YES_ERROR;
				GCC_WARN_UNDECLARED_SELECTOR = YES;
				GCC_WARN_UNINITIALIZED_AUTOS = YES_AGGRESSIVE;
				GCC_WARN_UNUSED_FUNCTION = YES;
				GCC_WARN_UNUSED_VARIABLE = YES;
				IPHONEOS_DEPLOYMENT_TARGET = 10.3;
				MTL_ENABLE_DEBUG_INFO = YES;
				ONLY_ACTIVE_ARCH = YES;
				SDKROOT = iphoneos;
				SWIFT_ACTIVE_COMPILATION_CONDITIONS = DEBUG;
				SWIFT_OPTIMIZATION_LEVEL = "-Onone";
				TARGETED_DEVICE_FAMILY = "1,2";
			};
			name = Debug;
		};
		CAB185351EE1998600ADC1E6 /* Release */ = {
			isa = XCBuildConfiguration;
			buildSettings = {
				ALWAYS_SEARCH_USER_PATHS = NO;
				CLANG_ANALYZER_NONNULL = YES;
				CLANG_ANALYZER_NUMBER_OBJECT_CONVERSION = YES_AGGRESSIVE;
				CLANG_CXX_LANGUAGE_STANDARD = "gnu++0x";
				CLANG_CXX_LIBRARY = "libc++";
				CLANG_ENABLE_MODULES = YES;
				CLANG_ENABLE_OBJC_ARC = YES;
				CLANG_WARN_BOOL_CONVERSION = YES;
				CLANG_WARN_CONSTANT_CONVERSION = YES;
				CLANG_WARN_DIRECT_OBJC_ISA_USAGE = YES_ERROR;
				CLANG_WARN_DOCUMENTATION_COMMENTS = YES;
				CLANG_WARN_EMPTY_BODY = YES;
				CLANG_WARN_ENUM_CONVERSION = YES;
				CLANG_WARN_INFINITE_RECURSION = YES;
				CLANG_WARN_INT_CONVERSION = YES;
				CLANG_WARN_OBJC_ROOT_CLASS = YES_ERROR;
				CLANG_WARN_SUSPICIOUS_MOVE = YES;
				CLANG_WARN_UNREACHABLE_CODE = YES;
				CLANG_WARN__DUPLICATE_METHOD_MATCH = YES;
				"CODE_SIGN_IDENTITY[sdk=iphoneos*]" = "iPhone Developer";
				COPY_PHASE_STRIP = NO;
				DEBUG_INFORMATION_FORMAT = "dwarf-with-dsym";
				ENABLE_NS_ASSERTIONS = NO;
				ENABLE_STRICT_OBJC_MSGSEND = YES;
				GCC_C_LANGUAGE_STANDARD = gnu99;
				GCC_NO_COMMON_BLOCKS = YES;
				GCC_WARN_64_TO_32_BIT_CONVERSION = YES;
				GCC_WARN_ABOUT_RETURN_TYPE = YES_ERROR;
				GCC_WARN_UNDECLARED_SELECTOR = YES;
				GCC_WARN_UNINITIALIZED_AUTOS = YES_AGGRESSIVE;
				GCC_WARN_UNUSED_FUNCTION = YES;
				GCC_WARN_UNUSED_VARIABLE = YES;
				IPHONEOS_DEPLOYMENT_TARGET = 10.3;
				MTL_ENABLE_DEBUG_INFO = NO;
				SDKROOT = iphoneos;
				SWIFT_OPTIMIZATION_LEVEL = "-Owholemodule";
				TARGETED_DEVICE_FAMILY = "1,2";
				VALIDATE_PRODUCT = YES;
			};
			name = Release;
		};
		CAB185371EE1998600ADC1E6 /* Debug */ = {
			isa = XCBuildConfiguration;
			buildSettings = {
				ASSETCATALOG_COMPILER_APPICON_NAME = AppIcon;
				DEVELOPMENT_TEAM = 2P82N6PF63;
				INFOPLIST_FILE = Pokedex3/Info.plist;
				LD_RUNPATH_SEARCH_PATHS = "$(inherited) @executable_path/Frameworks";
				PRODUCT_BUNDLE_IDENTIFIER = net.jmlowe.Pokedex3;
				PRODUCT_NAME = "$(TARGET_NAME)";
				SWIFT_VERSION = 3.0;
			};
			name = Debug;
		};
		CAB185381EE1998600ADC1E6 /* Release */ = {
			isa = XCBuildConfiguration;
			buildSettings = {
				ASSETCATALOG_COMPILER_APPICON_NAME = AppIcon;
				DEVELOPMENT_TEAM = 2P82N6PF63;
				INFOPLIST_FILE = Pokedex3/Info.plist;
				LD_RUNPATH_SEARCH_PATHS = "$(inherited) @executable_path/Frameworks";
				PRODUCT_BUNDLE_IDENTIFIER = net.jmlowe.Pokedex3;
				PRODUCT_NAME = "$(TARGET_NAME)";
				SWIFT_VERSION = 3.0;
			};
			name = Release;
		};
/* End XCBuildConfiguration section */

/* Begin XCConfigurationList section */
		CAB1851F1EE1998600ADC1E6 /* Build configuration list for PBXProject "Pokedex3" */ = {
			isa = XCConfigurationList;
			buildConfigurations = (
				CAB185341EE1998600ADC1E6 /* Debug */,
				CAB185351EE1998600ADC1E6 /* Release */,
			);
			defaultConfigurationIsVisible = 0;
			defaultConfigurationName = Release;
		};
		CAB185361EE1998600ADC1E6 /* Build configuration list for PBXNativeTarget "Pokedex3" */ = {
			isa = XCConfigurationList;
			buildConfigurations = (
				CAB185371EE1998600ADC1E6 /* Debug */,
				CAB185381EE1998600ADC1E6 /* Release */,
			);
			defaultConfigurationIsVisible = 0;
		};
/* End XCConfigurationList section */
	};
	rootObject = CAB1851C1EE1998600ADC1E6 /* Project object */;
}
